// !$*UTF8*$!
{
	archiveVersion = 1;
	classes = {
	};
	objectVersion = 50;
	objects = {

/* Begin PBXBuildFile section */
		6D39297026A15E87009C8C19 /* RxSwiftExampleApp.swift in Sources */ = {isa = PBXBuildFile; fileRef = 6D39296F26A15E87009C8C19 /* RxSwiftExampleApp.swift */; };
		6D39297226A15E87009C8C19 /* ContentView.swift in Sources */ = {isa = PBXBuildFile; fileRef = 6D39297126A15E87009C8C19 /* ContentView.swift */; };
		6D39297426A15E8B009C8C19 /* Assets.xcassets in Resources */ = {isa = PBXBuildFile; fileRef = 6D39297326A15E8B009C8C19 /* Assets.xcassets */; };
		6D39297726A15E8B009C8C19 /* Preview Assets.xcassets in Resources */ = {isa = PBXBuildFile; fileRef = 6D39297626A15E8B009C8C19 /* Preview Assets.xcassets */; };
		6D39298226A15E8B009C8C19 /* RxSwiftExampleTests.swift in Sources */ = {isa = PBXBuildFile; fileRef = 6D39298126A15E8B009C8C19 /* RxSwiftExampleTests.swift */; };
		6D39298D26A15E8C009C8C19 /* RxSwiftExampleUITests.swift in Sources */ = {isa = PBXBuildFile; fileRef = 6D39298C26A15E8C009C8C19 /* RxSwiftExampleUITests.swift */; };
/* End PBXBuildFile section */

/* Begin PBXContainerItemProxy section */
		6D39297E26A15E8B009C8C19 /* PBXContainerItemProxy */ = {
			isa = PBXContainerItemProxy;
			containerPortal = 6D39296426A15E87009C8C19 /* Project object */;
			proxyType = 1;
			remoteGlobalIDString = 6D39296B26A15E87009C8C19;
			remoteInfo = RxSwiftExample;
		};
		6D39298926A15E8C009C8C19 /* PBXContainerItemProxy */ = {
			isa = PBXContainerItemProxy;
			containerPortal = 6D39296426A15E87009C8C19 /* Project object */;
			proxyType = 1;
			remoteGlobalIDString = 6D39296B26A15E87009C8C19;
			remoteInfo = RxSwiftExample;
		};
/* End PBXContainerItemProxy section */

/* Begin PBXFileReference section */
		6D39296C26A15E87009C8C19 /* RxSwiftExample.app */ = {isa = PBXFileReference; explicitFileType = wrapper.application; includeInIndex = 0; path = RxSwiftExample.app; sourceTree = BUILT_PRODUCTS_DIR; };
		6D39296F26A15E87009C8C19 /* RxSwiftExampleApp.swift */ = {isa = PBXFileReference; lastKnownFileType = sourcecode.swift; path = RxSwiftExampleApp.swift; sourceTree = "<group>"; };
		6D39297126A15E87009C8C19 /* ContentView.swift */ = {isa = PBXFileReference; lastKnownFileType = sourcecode.swift; path = ContentView.swift; sourceTree = "<group>"; };
		6D39297326A15E8B009C8C19 /* Assets.xcassets */ = {isa = PBXFileReference; lastKnownFileType = folder.assetcatalog; path = Assets.xcassets; sourceTree = "<group>"; };
		6D39297626A15E8B009C8C19 /* Preview Assets.xcassets */ = {isa = PBXFileReference; lastKnownFileType = folder.assetcatalog; path = "Preview Assets.xcassets"; sourceTree = "<group>"; };
		6D39297826A15E8B009C8C19 /* Info.plist */ = {isa = PBXFileReference; lastKnownFileType = text.plist.xml; path = Info.plist; sourceTree = "<group>"; };
		6D39297D26A15E8B009C8C19 /* RxSwiftExampleTests.xctest */ = {isa = PBXFileReference; explicitFileType = wrapper.cfbundle; includeInIndex = 0; path = RxSwiftExampleTests.xctest; sourceTree = BUILT_PRODUCTS_DIR; };
		6D39298126A15E8B009C8C19 /* RxSwiftExampleTests.swift */ = {isa = PBXFileReference; lastKnownFileType = sourcecode.swift; path = RxSwiftExampleTests.swift; sourceTree = "<group>"; };
		6D39298326A15E8B009C8C19 /* Info.plist */ = {isa = PBXFileReference; lastKnownFileType = text.plist.xml; path = Info.plist; sourceTree = "<group>"; };
		6D39298826A15E8C009C8C19 /* RxSwiftExampleUITests.xctest */ = {isa = PBXFileReference; explicitFileType = wrapper.cfbundle; includeInIndex = 0; path = RxSwiftExampleUITests.xctest; sourceTree = BUILT_PRODUCTS_DIR; };
		6D39298C26A15E8C009C8C19 /* RxSwiftExampleUITests.swift */ = {isa = PBXFileReference; lastKnownFileType = sourcecode.swift; path = RxSwiftExampleUITests.swift; sourceTree = "<group>"; };
		6D39298E26A15E8C009C8C19 /* Info.plist */ = {isa = PBXFileReference; lastKnownFileType = text.plist.xml; path = Info.plist; sourceTree = "<group>"; };
/* End PBXFileReference section */

/* Begin PBXFrameworksBuildPhase section */
		6D39296926A15E87009C8C19 /* Frameworks */ = {
			isa = PBXFrameworksBuildPhase;
			buildActionMask = 2147483647;
			files = (
			);
			runOnlyForDeploymentPostprocessing = 0;
		};
		6D39297A26A15E8B009C8C19 /* Frameworks */ = {
			isa = PBXFrameworksBuildPhase;
			buildActionMask = 2147483647;
			files = (
			);
			runOnlyForDeploymentPostprocessing = 0;
		};
		6D39298526A15E8C009C8C19 /* Frameworks */ = {
			isa = PBXFrameworksBuildPhase;
			buildActionMask = 2147483647;
			files = (
			);
			runOnlyForDeploymentPostprocessing = 0;
		};
/* End PBXFrameworksBuildPhase section */

/* Begin PBXGroup section */
		6D39296326A15E87009C8C19 = {
			isa = PBXGroup;
			children = (
				6D39296E26A15E87009C8C19 /* RxSwiftExample */,
				6D39298026A15E8B009C8C19 /* RxSwiftExampleTests */,
				6D39298B26A15E8C009C8C19 /* RxSwiftExampleUITests */,
				6D39296D26A15E87009C8C19 /* Products */,
			);
			sourceTree = "<group>";
		};
		6D39296D26A15E87009C8C19 /* Products */ = {
			isa = PBXGroup;
			children = (
				6D39296C26A15E87009C8C19 /* RxSwiftExample.app */,
				6D39297D26A15E8B009C8C19 /* RxSwiftExampleTests.xctest */,
				6D39298826A15E8C009C8C19 /* RxSwiftExampleUITests.xctest */,
			);
			name = Products;
			sourceTree = "<group>";
		};
		6D39296E26A15E87009C8C19 /* RxSwiftExample */ = {
			isa = PBXGroup;
			children = (
				6D39296F26A15E87009C8C19 /* RxSwiftExampleApp.swift */,
				6D39297126A15E87009C8C19 /* ContentView.swift */,
				6D39297326A15E8B009C8C19 /* Assets.xcassets */,
				6D39297826A15E8B009C8C19 /* Info.plist */,
				6D39297526A15E8B009C8C19 /* Preview Content */,
			);
			path = RxSwiftExample;
			sourceTree = "<group>";
		};
		6D39297526A15E8B009C8C19 /* Preview Content */ = {
			isa = PBXGroup;
			children = (
				6D39297626A15E8B009C8C19 /* Preview Assets.xcassets */,
			);
			path = "Preview Content";
			sourceTree = "<group>";
		};
		6D39298026A15E8B009C8C19 /* RxSwiftExampleTests */ = {
			isa = PBXGroup;
			children = (
				6D39298126A15E8B009C8C19 /* RxSwiftExampleTests.swift */,
				6D39298326A15E8B009C8C19 /* Info.plist */,
			);
			path = RxSwiftExampleTests;
			sourceTree = "<group>";
		};
		6D39298B26A15E8C009C8C19 /* RxSwiftExampleUITests */ = {
			isa = PBXGroup;
			children = (
				6D39298C26A15E8C009C8C19 /* RxSwiftExampleUITests.swift */,
				6D39298E26A15E8C009C8C19 /* Info.plist */,
			);
			path = RxSwiftExampleUITests;
			sourceTree = "<group>";
		};
/* End PBXGroup section */

/* Begin PBXNativeTarget section */
		6D39296B26A15E87009C8C19 /* RxSwiftExample */ = {
			isa = PBXNativeTarget;
			buildConfigurationList = 6D39299126A15E8C009C8C19 /* Build configuration list for PBXNativeTarget "RxSwiftExample" */;
			buildPhases = (
				6D39296826A15E87009C8C19 /* Sources */,
				6D39296926A15E87009C8C19 /* Frameworks */,
				6D39296A26A15E87009C8C19 /* Resources */,
			);
			buildRules = (
			);
			dependencies = (
			);
			name = RxSwiftExample;
			productName = RxSwiftExample;
			productReference = 6D39296C26A15E87009C8C19 /* RxSwiftExample.app */;
			productType = "com.apple.product-type.application";
		};
		6D39297C26A15E8B009C8C19 /* RxSwiftExampleTests */ = {
			isa = PBXNativeTarget;
			buildConfigurationList = 6D39299426A15E8C009C8C19 /* Build configuration list for PBXNativeTarget "RxSwiftExampleTests" */;
			buildPhases = (
				6D39297926A15E8B009C8C19 /* Sources */,
				6D39297A26A15E8B009C8C19 /* Frameworks */,
				6D39297B26A15E8B009C8C19 /* Resources */,
			);
			buildRules = (
			);
			dependencies = (
				6D39297F26A15E8B009C8C19 /* PBXTargetDependency */,
			);
			name = RxSwiftExampleTests;
			productName = RxSwiftExampleTests;
			productReference = 6D39297D26A15E8B009C8C19 /* RxSwiftExampleTests.xctest */;
			productType = "com.apple.product-type.bundle.unit-test";
		};
		6D39298726A15E8C009C8C19 /* RxSwiftExampleUITests */ = {
			isa = PBXNativeTarget;
			buildConfigurationList = 6D39299726A15E8C009C8C19 /* Build configuration list for PBXNativeTarget "RxSwiftExampleUITests" */;
			buildPhases = (
				6D39298426A15E8C009C8C19 /* Sources */,
				6D39298526A15E8C009C8C19 /* Frameworks */,
				6D39298626A15E8C009C8C19 /* Resources */,
			);
			buildRules = (
			);
			dependencies = (
				6D39298A26A15E8C009C8C19 /* PBXTargetDependency */,
			);
			name = RxSwiftExampleUITests;
			productName = RxSwiftExampleUITests;
			productReference = 6D39298826A15E8C009C8C19 /* RxSwiftExampleUITests.xctest */;
			productType = "com.apple.product-type.bundle.ui-testing";
		};
/* End PBXNativeTarget section */

/* Begin PBXProject section */
		6D39296426A15E87009C8C19 /* Project object */ = {
			isa = PBXProject;
			attributes = {
				LastSwiftUpdateCheck = 1250;
				LastUpgradeCheck = 1250;
				TargetAttributes = {
					6D39296B26A15E87009C8C19 = {
						CreatedOnToolsVersion = 12.5.1;
					};
					6D39297C26A15E8B009C8C19 = {
						CreatedOnToolsVersion = 12.5.1;
						TestTargetID = 6D39296B26A15E87009C8C19;
					};
					6D39298726A15E8C009C8C19 = {
						CreatedOnToolsVersion = 12.5.1;
						TestTargetID = 6D39296B26A15E87009C8C19;
					};
				};
			};
			buildConfigurationList = 6D39296726A15E87009C8C19 /* Build configuration list for PBXProject "RxSwiftExample" */;
			compatibilityVersion = "Xcode 9.3";
			developmentRegion = en;
			hasScannedForEncodings = 0;
			knownRegions = (
				en,
				Base,
			);
			mainGroup = 6D39296326A15E87009C8C19;
			productRefGroup = 6D39296D26A15E87009C8C19 /* Products */;
			projectDirPath = "";
			projectRoot = "";
			targets = (
				6D39296B26A15E87009C8C19 /* RxSwiftExample */,
				6D39297C26A15E8B009C8C19 /* RxSwiftExampleTests */,
				6D39298726A15E8C009C8C19 /* RxSwiftExampleUITests */,
			);
		};
/* End PBXProject section */

/* Begin PBXResourcesBuildPhase section */
		6D39296A26A15E87009C8C19 /* Resources */ = {
			isa = PBXResourcesBuildPhase;
			buildActionMask = 2147483647;
			files = (
				6D39297726A15E8B009C8C19 /* Preview Assets.xcassets in Resources */,
				6D39297426A15E8B009C8C19 /* Assets.xcassets in Resources */,
			);
			runOnlyForDeploymentPostprocessing = 0;
		};
		6D39297B26A15E8B009C8C19 /* Resources */ = {
			isa = PBXResourcesBuildPhase;
			buildActionMask = 2147483647;
			files = (
			);
			runOnlyForDeploymentPostprocessing = 0;
		};
		6D39298626A15E8C009C8C19 /* Resources */ = {
			isa = PBXResourcesBuildPhase;
			buildActionMask = 2147483647;
			files = (
			);
			runOnlyForDeploymentPostprocessing = 0;
		};
/* End PBXResourcesBuildPhase section */

/* Begin PBXSourcesBuildPhase section */
		6D39296826A15E87009C8C19 /* Sources */ = {
			isa = PBXSourcesBuildPhase;
			buildActionMask = 2147483647;
			files = (
				6D39297226A15E87009C8C19 /* ContentView.swift in Sources */,
				6D39297026A15E87009C8C19 /* RxSwiftExampleApp.swift in Sources */,
			);
			runOnlyForDeploymentPostprocessing = 0;
		};
		6D39297926A15E8B009C8C19 /* Sources */ = {
			isa = PBXSourcesBuildPhase;
			buildActionMask = 2147483647;
			files = (
				6D39298226A15E8B009C8C19 /* RxSwiftExampleTests.swift in Sources */,
			);
			runOnlyForDeploymentPostprocessing = 0;
		};
		6D39298426A15E8C009C8C19 /* Sources */ = {
			isa = PBXSourcesBuildPhase;
			buildActionMask = 2147483647;
			files = (
				6D39298D26A15E8C009C8C19 /* RxSwiftExampleUITests.swift in Sources */,
			);
			runOnlyForDeploymentPostprocessing = 0;
		};
/* End PBXSourcesBuildPhase section */

/* Begin PBXTargetDependency section */
		6D39297F26A15E8B009C8C19 /* PBXTargetDependency */ = {
			isa = PBXTargetDependency;
			target = 6D39296B26A15E87009C8C19 /* RxSwiftExample */;
			targetProxy = 6D39297E26A15E8B009C8C19 /* PBXContainerItemProxy */;
		};
		6D39298A26A15E8C009C8C19 /* PBXTargetDependency */ = {
			isa = PBXTargetDependency;
			target = 6D39296B26A15E87009C8C19 /* RxSwiftExample */;
			targetProxy = 6D39298926A15E8C009C8C19 /* PBXContainerItemProxy */;
		};
/* End PBXTargetDependency section */

/* Begin XCBuildConfiguration section */
		6D39298F26A15E8C009C8C19 /* Debug */ = {
			isa = XCBuildConfiguration;
			buildSettings = {
				ALWAYS_SEARCH_USER_PATHS = NO;
				CLANG_ANALYZER_NONNULL = YES;
				CLANG_ANALYZER_NUMBER_OBJECT_CONVERSION = YES_AGGRESSIVE;
				CLANG_CXX_LANGUAGE_STANDARD = "gnu++14";
				CLANG_CXX_LIBRARY = "libc++";
				CLANG_ENABLE_MODULES = YES;
				CLANG_ENABLE_OBJC_ARC = YES;
				CLANG_ENABLE_OBJC_WEAK = YES;
				CLANG_WARN_BLOCK_CAPTURE_AUTORELEASING = YES;
				CLANG_WARN_BOOL_CONVERSION = YES;
				CLANG_WARN_COMMA = YES;
				CLANG_WARN_CONSTANT_CONVERSION = YES;
				CLANG_WARN_DEPRECATED_OBJC_IMPLEMENTATIONS = YES;
				CLANG_WARN_DIRECT_OBJC_ISA_USAGE = YES_ERROR;
				CLANG_WARN_DOCUMENTATION_COMMENTS = YES;
				CLANG_WARN_EMPTY_BODY = YES;
				CLANG_WARN_ENUM_CONVERSION = YES;
				CLANG_WARN_INFINITE_RECURSION = YES;
				CLANG_WARN_INT_CONVERSION = YES;
				CLANG_WARN_NON_LITERAL_NULL_CONVERSION = YES;
				CLANG_WARN_OBJC_IMPLICIT_RETAIN_SELF = YES;
				CLANG_WARN_OBJC_LITERAL_CONVERSION = YES;
				CLANG_WARN_OBJC_ROOT_CLASS = YES_ERROR;
				CLANG_WARN_QUOTED_INCLUDE_IN_FRAMEWORK_HEADER = YES;
				CLANG_WARN_RANGE_LOOP_ANALYSIS = YES;
				CLANG_WARN_STRICT_PROTOTYPES = YES;
				CLANG_WARN_SUSPICIOUS_MOVE = YES;
				CLANG_WARN_UNGUARDED_AVAILABILITY = YES_AGGRESSIVE;
				CLANG_WARN_UNREACHABLE_CODE = YES;
				CLANG_WARN__DUPLICATE_METHOD_MATCH = YES;
				COPY_PHASE_STRIP = NO;
				DEBUG_INFORMATION_FORMAT = dwarf;
				ENABLE_STRICT_OBJC_MSGSEND = YES;
				ENABLE_TESTABILITY = YES;
				GCC_C_LANGUAGE_STANDARD = gnu11;
				GCC_DYNAMIC_NO_PIC = NO;
				GCC_NO_COMMON_BLOCKS = YES;
				GCC_OPTIMIZATION_LEVEL = 0;
				GCC_PREPROCESSOR_DEFINITIONS = (
					"DEBUG=1",
					"$(inherited)",
				);
				GCC_WARN_64_TO_32_BIT_CONVERSION = YES;
				GCC_WARN_ABOUT_RETURN_TYPE = YES_ERROR;
				GCC_WARN_UNDECLARED_SELECTOR = YES;
				GCC_WARN_UNINITIALIZED_AUTOS = YES_AGGRESSIVE;
				GCC_WARN_UNUSED_FUNCTION = YES;
				GCC_WARN_UNUSED_VARIABLE = YES;
				IPHONEOS_DEPLOYMENT_TARGET = 14.5;
				MTL_ENABLE_DEBUG_INFO = INCLUDE_SOURCE;
				MTL_FAST_MATH = YES;
				ONLY_ACTIVE_ARCH = YES;
				SDKROOT = iphoneos;
				SWIFT_ACTIVE_COMPILATION_CONDITIONS = DEBUG;
				SWIFT_OPTIMIZATION_LEVEL = "-Onone";
			};
			name = Debug;
		};
		6D39299026A15E8C009C8C19 /* Release */ = {
			isa = XCBuildConfiguration;
			buildSettings = {
				ALWAYS_SEARCH_USER_PATHS = NO;
				CLANG_ANALYZER_NONNULL = YES;
				CLANG_ANALYZER_NUMBER_OBJECT_CONVERSION = YES_AGGRESSIVE;
				CLANG_CXX_LANGUAGE_STANDARD = "gnu++14";
				CLANG_CXX_LIBRARY = "libc++";
				CLANG_ENABLE_MODULES = YES;
				CLANG_ENABLE_OBJC_ARC = YES;
				CLANG_ENABLE_OBJC_WEAK = YES;
				CLANG_WARN_BLOCK_CAPTURE_AUTORELEASING = YES;
				CLANG_WARN_BOOL_CONVERSION = YES;
				CLANG_WARN_COMMA = YES;
				CLANG_WARN_CONSTANT_CONVERSION = YES;
				CLANG_WARN_DEPRECATED_OBJC_IMPLEMENTATIONS = YES;
				CLANG_WARN_DIRECT_OBJC_ISA_USAGE = YES_ERROR;
				CLANG_WARN_DOCUMENTATION_COMMENTS = YES;
				CLANG_WARN_EMPTY_BODY = YES;
				CLANG_WARN_ENUM_CONVERSION = YES;
				CLANG_WARN_INFINITE_RECURSION = YES;
				CLANG_WARN_INT_CONVERSION = YES;
				CLANG_WARN_NON_LITERAL_NULL_CONVERSION = YES;
				CLANG_WARN_OBJC_IMPLICIT_RETAIN_SELF = YES;
				CLANG_WARN_OBJC_LITERAL_CONVERSION = YES;
				CLANG_WARN_OBJC_ROOT_CLASS = YES_ERROR;
				CLANG_WARN_QUOTED_INCLUDE_IN_FRAMEWORK_HEADER = YES;
				CLANG_WARN_RANGE_LOOP_ANALYSIS = YES;
				CLANG_WARN_STRICT_PROTOTYPES = YES;
				CLANG_WARN_SUSPICIOUS_MOVE = YES;
				CLANG_WARN_UNGUARDED_AVAILABILITY = YES_AGGRESSIVE;
				CLANG_WARN_UNREACHABLE_CODE = YES;
				CLANG_WARN__DUPLICATE_METHOD_MATCH = YES;
				COPY_PHASE_STRIP = NO;
				DEBUG_INFORMATION_FORMAT = "dwarf-with-dsym";
				ENABLE_NS_ASSERTIONS = NO;
				ENABLE_STRICT_OBJC_MSGSEND = YES;
				GCC_C_LANGUAGE_STANDARD = gnu11;
				GCC_NO_COMMON_BLOCKS = YES;
				GCC_WARN_64_TO_32_BIT_CONVERSION = YES;
				GCC_WARN_ABOUT_RETURN_TYPE = YES_ERROR;
				GCC_WARN_UNDECLARED_SELECTOR = YES;
				GCC_WARN_UNINITIALIZED_AUTOS = YES_AGGRESSIVE;
				GCC_WARN_UNUSED_FUNCTION = YES;
				GCC_WARN_UNUSED_VARIABLE = YES;
				IPHONEOS_DEPLOYMENT_TARGET = 14.5;
				MTL_ENABLE_DEBUG_INFO = NO;
				MTL_FAST_MATH = YES;
				SDKROOT = iphoneos;
				SWIFT_COMPILATION_MODE = wholemodule;
				SWIFT_OPTIMIZATION_LEVEL = "-O";
				VALIDATE_PRODUCT = YES;
			};
			name = Release;
		};
		6D39299226A15E8C009C8C19 /* Debug */ = {
			isa = XCBuildConfiguration;
			buildSettings = {
				ASSETCATALOG_COMPILER_APPICON_NAME = AppIcon;
				ASSETCATALOG_COMPILER_GLOBAL_ACCENT_COLOR_NAME = AccentColor;
				CODE_SIGN_STYLE = Automatic;
				DEVELOPMENT_ASSET_PATHS = "\"RxSwiftExample/Preview Content\"";
				DEVELOPMENT_TEAM = NTGMGTGDJ9;
				ENABLE_PREVIEWS = YES;
				INFOPLIST_FILE = RxSwiftExample/Info.plist;
				IPHONEOS_DEPLOYMENT_TARGET = 14.0;
				LD_RUNPATH_SEARCH_PATHS = (
					"$(inherited)",
					"@executable_path/Frameworks",
				);
				PRODUCT_BUNDLE_IDENTIFIER = com.oyas.RxSwiftExample;
				PRODUCT_NAME = "$(TARGET_NAME)";
				SWIFT_VERSION = 5.0;
				TARGETED_DEVICE_FAMILY = "1,2";
			};
			name = Debug;
		};
		6D39299326A15E8C009C8C19 /* Release */ = {
			isa = XCBuildConfiguration;
			buildSettings = {
				ASSETCATALOG_COMPILER_APPICON_NAME = AppIcon;
				ASSETCATALOG_COMPILER_GLOBAL_ACCENT_COLOR_NAME = AccentColor;
				CODE_SIGN_STYLE = Automatic;
				DEVELOPMENT_ASSET_PATHS = "\"RxSwiftExample/Preview Content\"";
				DEVELOPMENT_TEAM = NTGMGTGDJ9;
				ENABLE_PREVIEWS = YES;
				INFOPLIST_FILE = RxSwiftExample/Info.plist;
				IPHONEOS_DEPLOYMENT_TARGET = 14.0;
				LD_RUNPATH_SEARCH_PATHS = (
					"$(inherited)",
					"@executable_path/Frameworks",
				);
				PRODUCT_BUNDLE_IDENTIFIER = com.oyas.RxSwiftExample;
				PRODUCT_NAME = "$(TARGET_NAME)";
				SWIFT_VERSION = 5.0;
				TARGETED_DEVICE_FAMILY = "1,2";
			};
			name = Release;
		};
		6D39299526A15E8C009C8C19 /* Debug */ = {
			isa = XCBuildConfiguration;
			buildSettings = {
				ALWAYS_EMBED_SWIFT_STANDARD_LIBRARIES = YES;
				BUNDLE_LOADER = "$(TEST_HOST)";
				CODE_SIGN_STYLE = Automatic;
				DEVELOPMENT_TEAM = NTGMGTGDJ9;
				INFOPLIST_FILE = RxSwiftExampleTests/Info.plist;
				IPHONEOS_DEPLOYMENT_TARGET = 14.0;
				LD_RUNPATH_SEARCH_PATHS = (
					"$(inherited)",
					"@executable_path/Frameworks",
					"@loader_path/Frameworks",
				);
				PRODUCT_BUNDLE_IDENTIFIER = com.oyas.RxSwiftExampleTests;
				PRODUCT_NAME = "$(TARGET_NAME)";
				SWIFT_VERSION = 5.0;
				TARGETED_DEVICE_FAMILY = "1,2";
				TEST_HOST = "$(BUILT_PRODUCTS_DIR)/RxSwiftExample.app/RxSwiftExample";
			};
			name = Debug;
		};
		6D39299626A15E8C009C8C19 /* Release */ = {
			isa = XCBuildConfiguration;
			buildSettings = {
				ALWAYS_EMBED_SWIFT_STANDARD_LIBRARIES = YES;
				BUNDLE_LOADER = "$(TEST_HOST)";
				CODE_SIGN_STYLE = Automatic;
				DEVELOPMENT_TEAM = NTGMGTGDJ9;
				INFOPLIST_FILE = RxSwiftExampleTests/Info.plist;
				IPHONEOS_DEPLOYMENT_TARGET = 14.0;
				LD_RUNPATH_SEARCH_PATHS = (
					"$(inherited)",
					"@executable_path/Frameworks",
					"@loader_path/Frameworks",
				);
				PRODUCT_BUNDLE_IDENTIFIER = com.oyas.RxSwiftExampleTests;
				PRODUCT_NAME = "$(TARGET_NAME)";
				SWIFT_VERSION = 5.0;
				TARGETED_DEVICE_FAMILY = "1,2";
				TEST_HOST = "$(BUILT_PRODUCTS_DIR)/RxSwiftExample.app/RxSwiftExample";
			};
			name = Release;
		};
		6D39299826A15E8C009C8C19 /* Debug */ = {
			isa = XCBuildConfiguration;
			buildSettings = {
				ALWAYS_EMBED_SWIFT_STANDARD_LIBRARIES = YES;
				CODE_SIGN_STYLE = Automatic;
				DEVELOPMENT_TEAM = NTGMGTGDJ9;
				INFOPLIST_FILE = RxSwiftExampleUITests/Info.plist;
				LD_RUNPATH_SEARCH_PATHS = (
					"$(inherited)",
					"@executable_path/Frameworks",
					"@loader_path/Frameworks",
				);
				PRODUCT_BUNDLE_IDENTIFIER = com.oyas.RxSwiftExampleUITests;
				PRODUCT_NAME = "$(TARGET_NAME)";
				SWIFT_VERSION = 5.0;
				TARGETED_DEVICE_FAMILY = "1,2";
				TEST_TARGET_NAME = RxSwiftExample;
			};
			name = Debug;
		};
		6D39299926A15E8C009C8C19 /* Release */ = {
			isa = XCBuildConfiguration;
			buildSettings = {
				ALWAYS_EMBED_SWIFT_STANDARD_LIBRARIES = YES;
				CODE_SIGN_STYLE = Automatic;
				DEVELOPMENT_TEAM = NTGMGTGDJ9;
				INFOPLIST_FILE = RxSwiftExampleUITests/Info.plist;
				LD_RUNPATH_SEARCH_PATHS = (
					"$(inherited)",
					"@executable_path/Frameworks",
					"@loader_path/Frameworks",
				);
				PRODUCT_BUNDLE_IDENTIFIER = com.oyas.RxSwiftExampleUITests;
				PRODUCT_NAME = "$(TARGET_NAME)";
				SWIFT_VERSION = 5.0;
				TARGETED_DEVICE_FAMILY = "1,2";
				TEST_TARGET_NAME = RxSwiftExample;
			};
			name = Release;
		};
/* End XCBuildConfiguration section */

/* Begin XCConfigurationList section */
		6D39296726A15E87009C8C19 /* Build configuration list for PBXProject "RxSwiftExample" */ = {
			isa = XCConfigurationList;
			buildConfigurations = (
				6D39298F26A15E8C009C8C19 /* Debug */,
				6D39299026A15E8C009C8C19 /* Release */,
			);
			defaultConfigurationIsVisible = 0;
			defaultConfigurationName = Release;
		};
		6D39299126A15E8C009C8C19 /* Build configuration list for PBXNativeTarget "RxSwiftExample" */ = {
			isa = XCConfigurationList;
			buildConfigurations = (
				6D39299226A15E8C009C8C19 /* Debug */,
				6D39299326A15E8C009C8C19 /* Release */,
			);
			defaultConfigurationIsVisible = 0;
			defaultConfigurationName = Release;
		};
		6D39299426A15E8C009C8C19 /* Build configuration list for PBXNativeTarget "RxSwiftExampleTests" */ = {
			isa = XCConfigurationList;
			buildConfigurations = (
				6D39299526A15E8C009C8C19 /* Debug */,
				6D39299626A15E8C009C8C19 /* Release */,
			);
			defaultConfigurationIsVisible = 0;
			defaultConfigurationName = Release;
		};
		6D39299726A15E8C009C8C19 /* Build configuration list for PBXNativeTarget "RxSwiftExampleUITests" */ = {
			isa = XCConfigurationList;
			buildConfigurations = (
				6D39299826A15E8C009C8C19 /* Debug */,
				6D39299926A15E8C009C8C19 /* Release */,
			);
			defaultConfigurationIsVisible = 0;
			defaultConfigurationName = Release;
		};
/* End XCConfigurationList section */
	};
	rootObject = 6D39296426A15E87009C8C19 /* Project object */;
}
